<?xml version="1.0" encoding="UTF-8"?>
<CodeBlocks_project_file>
	<FileVersion major="1" minor="6"/>
	<Project>
		<Option title="billiards"/>
		<Option makefile_is_custom="1"/>
		<Option compiler="gcc"/>
		<Option virtualFolders="CMake Files\;CMake Files\CMake\;CMake Files\CMake\Modules\;"/>
		<Build>
			<Target title="all">
				<Option working_dir="/home/darkowic/projects/private/games/billiards"/>
				<Option type="4"/>
				<MakeCommands>
					<Build command="/usr/bin/make -f &quot;/home/darkowic/projects/private/games/billiards/Makefile&quot;  VERBOSE=1 all"/>
					<CompileFile command="/usr/bin/make -f &quot;/home/darkowic/projects/private/games/billiards/Makefile&quot;  VERBOSE=1 &quot;$file&quot;"/>
					<Clean command="/usr/bin/make -f &quot;/home/darkowic/projects/private/games/billiards/Makefile&quot;  VERBOSE=1 clean"/>
					<DistClean command="/usr/bin/make -f &quot;/home/darkowic/projects/private/games/billiards/Makefile&quot;  VERBOSE=1 clean"/>
				</MakeCommands>
			</Target>
			<Target title="install/strip">
				<Option working_dir="/home/darkowic/projects/private/games/billiards"/>
				<Option type="4"/>
				<MakeCommands>
					<Build command="/usr/bin/make -f &quot;/home/darkowic/projects/private/games/billiards/Makefile&quot;  VERBOSE=1 install/strip"/>
					<CompileFile command="/usr/bin/make -f &quot;/home/darkowic/projects/private/games/billiards/Makefile&quot;  VERBOSE=1 &quot;$file&quot;"/>
					<Clean command="/usr/bin/make -f &quot;/home/darkowic/projects/private/games/billiards/Makefile&quot;  VERBOSE=1 clean"/>
					<DistClean command="/usr/bin/make -f &quot;/home/darkowic/projects/private/games/billiards/Makefile&quot;  VERBOSE=1 clean"/>
				</MakeCommands>
			</Target>
			<Target title="install/local">
				<Option working_dir="/home/darkowic/projects/private/games/billiards"/>
				<Option type="4"/>
				<MakeCommands>
					<Build command="/usr/bin/make -f &quot;/home/darkowic/projects/private/games/billiards/Makefile&quot;  VERBOSE=1 install/local"/>
					<CompileFile command="/usr/bin/make -f &quot;/home/darkowic/projects/private/games/billiards/Makefile&quot;  VERBOSE=1 &quot;$file&quot;"/>
					<Clean command="/usr/bin/make -f &quot;/home/darkowic/projects/private/games/billiards/Makefile&quot;  VERBOSE=1 clean"/>
					<DistClean command="/usr/bin/make -f &quot;/home/darkowic/projects/private/games/billiards/Makefile&quot;  VERBOSE=1 clean"/>
				</MakeCommands>
			</Target>
			<Target title="billiards">
				<Option output="/home/darkowic/projects/private/games/billiards/bin/billiards" prefix_auto="0" extension_auto="0"/>
				<Option working_dir="/home/darkowic/projects/private/games/billiards/bin"/>
				<Option object_output="./"/>
				<Option type="1"/>
				<Option compiler="gcc"/>
				<Compiler>
					<Add option="-DURHO3D_STATIC_DEFINE"/>
					<Add option="-DURHO3D_ANGELSCRIPT"/>
					<Add option="-DURHO3D_IK"/>
					<Add option="-DURHO3D_LOGGING"/>
					<Add option="-DURHO3D_LUA"/>
					<Add option="-DURHO3D_NAVIGATION"/>
					<Add option="-DURHO3D_NETWORK"/>
					<Add option="-DURHO3D_PHYSICS"/>
					<Add option="-DURHO3D_PROFILING"/>
					<Add option="-DURHO3D_THREADING"/>
					<Add option="-DURHO3D_URHO2D"/>
					<Add option="-DURHO3D_WEBP"/>
					<Add directory="/home/darkowic/projects/github/Urho3D/include"/>
					<Add directory="/home/darkowic/projects/github/Urho3D/include/Urho3D/ThirdParty"/>
					<Add directory="/home/darkowic/projects/github/Urho3D/include/Urho3D/ThirdParty/Bullet"/>
					<Add directory="/home/darkowic/projects/github/Urho3D/include/Urho3D/ThirdParty/Lua"/>
				</Compiler>
				<MakeCommands>
					<Build command="/usr/bin/make -f &quot;/home/darkowic/projects/private/games/billiards/Makefile&quot;  VERBOSE=1 billiards"/>
					<CompileFile command="/usr/bin/make -f &quot;/home/darkowic/projects/private/games/billiards/Makefile&quot;  VERBOSE=1 &quot;$file&quot;"/>
					<Clean command="/usr/bin/make -f &quot;/home/darkowic/projects/private/games/billiards/Makefile&quot;  VERBOSE=1 clean"/>
					<DistClean command="/usr/bin/make -f &quot;/home/darkowic/projects/private/games/billiards/Makefile&quot;  VERBOSE=1 clean"/>
				</MakeCommands>
			</Target>
			<Target title="billiards/fast">
				<Option output="/home/darkowic/projects/private/games/billiards/bin/billiards" prefix_auto="0" extension_auto="0"/>
				<Option working_dir="/home/darkowic/projects/private/games/billiards/bin"/>
				<Option object_output="./"/>
				<Option type="1"/>
				<Option compiler="gcc"/>
				<Compiler>
					<Add option="-DURHO3D_STATIC_DEFINE"/>
					<Add option="-DURHO3D_ANGELSCRIPT"/>
					<Add option="-DURHO3D_IK"/>
					<Add option="-DURHO3D_LOGGING"/>
					<Add option="-DURHO3D_LUA"/>
					<Add option="-DURHO3D_NAVIGATION"/>
					<Add option="-DURHO3D_NETWORK"/>
					<Add option="-DURHO3D_PHYSICS"/>
					<Add option="-DURHO3D_PROFILING"/>
					<Add option="-DURHO3D_THREADING"/>
					<Add option="-DURHO3D_URHO2D"/>
					<Add option="-DURHO3D_WEBP"/>
					<Add directory="/home/darkowic/projects/github/Urho3D/include"/>
					<Add directory="/home/darkowic/projects/github/Urho3D/include/Urho3D/ThirdParty"/>
					<Add directory="/home/darkowic/projects/github/Urho3D/include/Urho3D/ThirdParty/Bullet"/>
					<Add directory="/home/darkowic/projects/github/Urho3D/include/Urho3D/ThirdParty/Lua"/>
				</Compiler>
				<MakeCommands>
					<Build command="/usr/bin/make -f &quot;/home/darkowic/projects/private/games/billiards/Makefile&quot;  VERBOSE=1 billiards/fast"/>
					<CompileFile command="/usr/bin/make -f &quot;/home/darkowic/projects/private/games/billiards/Makefile&quot;  VERBOSE=1 &quot;$file&quot;"/>
					<Clean command="/usr/bin/make -f &quot;/home/darkowic/projects/private/games/billiards/Makefile&quot;  VERBOSE=1 clean"/>
					<DistClean command="/usr/bin/make -f &quot;/home/darkowic/projects/private/games/billiards/Makefile&quot;  VERBOSE=1 clean"/>
				</MakeCommands>
			</Target>
			<Target title="edit_cache">
				<Option working_dir="/home/darkowic/projects/private/games/billiards"/>
				<Option type="4"/>
				<MakeCommands>
					<Build command="/usr/bin/make -f &quot;/home/darkowic/projects/private/games/billiards/Makefile&quot;  VERBOSE=1 edit_cache"/>
					<CompileFile command="/usr/bin/make -f &quot;/home/darkowic/projects/private/games/billiards/Makefile&quot;  VERBOSE=1 &quot;$file&quot;"/>
					<Clean command="/usr/bin/make -f &quot;/home/darkowic/projects/private/games/billiards/Makefile&quot;  VERBOSE=1 clean"/>
					<DistClean command="/usr/bin/make -f &quot;/home/darkowic/projects/private/games/billiards/Makefile&quot;  VERBOSE=1 clean"/>
				</MakeCommands>
			</Target>
			<Target title="rebuild_cache">
				<Option working_dir="/home/darkowic/projects/private/games/billiards"/>
				<Option type="4"/>
				<MakeCommands>
					<Build command="/usr/bin/make -f &quot;/home/darkowic/projects/private/games/billiards/Makefile&quot;  VERBOSE=1 rebuild_cache"/>
					<CompileFile command="/usr/bin/make -f &quot;/home/darkowic/projects/private/games/billiards/Makefile&quot;  VERBOSE=1 &quot;$file&quot;"/>
					<Clean command="/usr/bin/make -f &quot;/home/darkowic/projects/private/games/billiards/Makefile&quot;  VERBOSE=1 clean"/>
					<DistClean command="/usr/bin/make -f &quot;/home/darkowic/projects/private/games/billiards/Makefile&quot;  VERBOSE=1 clean"/>
				</MakeCommands>
			</Target>
			<Target title="install">
				<Option working_dir="/home/darkowic/projects/private/games/billiards"/>
				<Option type="4"/>
				<MakeCommands>
					<Build command="/usr/bin/make -f &quot;/home/darkowic/projects/private/games/billiards/Makefile&quot;  VERBOSE=1 install"/>
					<CompileFile command="/usr/bin/make -f &quot;/home/darkowic/projects/private/games/billiards/Makefile&quot;  VERBOSE=1 &quot;$file&quot;"/>
					<Clean command="/usr/bin/make -f &quot;/home/darkowic/projects/private/games/billiards/Makefile&quot;  VERBOSE=1 clean"/>
					<DistClean command="/usr/bin/make -f &quot;/home/darkowic/projects/private/games/billiards/Makefile&quot;  VERBOSE=1 clean"/>
				</MakeCommands>
			</Target>
			<Target title="list_install_components">
				<Option working_dir="/home/darkowic/projects/private/games/billiards"/>
				<Option type="4"/>
				<MakeCommands>
					<Build command="/usr/bin/make -f &quot;/home/darkowic/projects/private/games/billiards/Makefile&quot;  VERBOSE=1 list_install_components"/>
					<CompileFile command="/usr/bin/make -f &quot;/home/darkowic/projects/private/games/billiards/Makefile&quot;  VERBOSE=1 &quot;$file&quot;"/>
					<Clean command="/usr/bin/make -f &quot;/home/darkowic/projects/private/games/billiards/Makefile&quot;  VERBOSE=1 clean"/>
					<DistClean command="/usr/bin/make -f &quot;/home/darkowic/projects/private/games/billiards/Makefile&quot;  VERBOSE=1 clean"/>
				</MakeCommands>
			</Target>
		</Build>
		<Unit filename="/home/darkowic/projects/private/games/billiards/Ball.cpp">
			<Option target="billiards"/>
		</Unit>
		<Unit filename="/home/darkowic/projects/private/games/billiards/Ball.h">
			<Option target="billiards"/>
		</Unit>
		<Unit filename="/home/darkowic/projects/private/games/billiards/Billiards.cpp">
			<Option target="billiards"/>
		</Unit>
		<Unit filename="/home/darkowic/projects/private/games/billiards/Billiards.h">
			<Option target="billiards"/>
		</Unit>
		<Unit filename="/home/darkowic/projects/private/games/billiards/Sample.h">
			<Option target="billiards"/>
		</Unit>
		<Unit filename="/home/darkowic/projects/private/games/billiards/bin/CoreData">
			<Option target="billiards"/>
		</Unit>
		<Unit filename="/home/darkowic/projects/private/games/billiards/bin/Data">
			<Option target="billiards"/>
		</Unit>
		<Unit filename="/home/darkowic/projects/private/games/billiards/CMakeLists.txt">
			<Option virtualFolder="CMake Files\"/>
		</Unit>
		<Unit filename="/home/darkowic/projects/private/games/billiards/CMake/Modules/CheckCompilerToolchain.cmake">
			<Option virtualFolder="CMake Files\CMake\Modules\"/>
		</Unit>
		<Unit filename="/home/darkowic/projects/private/games/billiards/CMake/Modules/CheckHost.cmake">
			<Option virtualFolder="CMake Files\CMake\Modules\"/>
		</Unit>
		<Unit filename="/home/darkowic/projects/private/games/billiards/CMake/Modules/FindUrho3D.cmake">
			<Option virtualFolder="CMake Files\CMake\Modules\"/>
		</Unit>
		<Unit filename="/home/darkowic/projects/private/games/billiards/CMake/Modules/GenerateExportHeader.cmake">
			<Option virtualFolder="CMake Files\CMake\Modules\"/>
		</Unit>
		<Unit filename="/home/darkowic/projects/private/games/billiards/CMake/Modules/UrhoCommon.cmake">
			<Option virtualFolder="CMake Files\CMake\Modules\"/>
		</Unit>
	</Project>
</CodeBlocks_project_file>
